
Microsoft Visual Studio Solution File, Format Version 12.00
# Visual Studio Version 17
VisualStudioVersion = 17.6.33815.320
MinimumVisualStudioVersion = 10.0.40219.1
Project("{00D1A9C2-B5F0-4AF3-8072-F6C62B433612}") = "DbTest", "DbTest\DbTest.sqlproj", "{848AF30C-7313-42FE-B1BA-E9C689226D67}"
EndProject
Project("{2150E333-8FDC-42A3-9474-1A3956D46DE8}") = "[0] Database", "[0] Database", "{9A7A215A-90B3-45D3-BFCA-271DE22DF640}"
EndProject
Project("{2150E333-8FDC-42A3-9474-1A3956D46DE8}") = "[1] DAL", "[1] DAL", "{34D2D369-4D4D-4335-8854-4F46EC51E517}"
EndProject
Project("{FAE04EC0-301F-11D3-BF4B-00C04F79EFBC}") = "Demo.DAL", "Demo.DAL\Demo.DAL.csproj", "{C9783251-2033-4088-B48B-F1CCF3368996}"
EndProject
Project("{2150E333-8FDC-42A3-9474-1A3956D46DE8}") = "[99] Tools", "[99] Tools", "{A9407A8B-26CF-4F19-B5AB-5C8906CDFAC9}"
EndProject
Project("{FAE04EC0-301F-11D3-BF4B-00C04F79EFBC}") = "Tools", "Tools\Tools.csproj", "{66D1E941-DB1F-492E-8D70-C273F2CC73C0}"
EndProject
Project("{2150E333-8FDC-42A3-9474-1A3956D46DE8}") = "[2] BLL", "[2] BLL", "{F45BF9A9-E58F-4B38-B385-78C5F3FEC331}"
EndProject
Project("{FAE04EC0-301F-11D3-BF4B-00C04F79EFBC}") = "Demo.BLL", "Demo.BLL\Demo.BLL.csproj", "{6DB4A3D4-0E73-49E9-8ECC-ED266AC96AE3}"
EndProject
Project("{2150E333-8FDC-42A3-9474-1A3956D46DE8}") = "[3] API", "[3] API", "{E2A216C8-19DB-46C1-8385-2569D12121C2}"
EndProject
Project("{FAE04EC0-301F-11D3-BF4B-00C04F79EFBC}") = "Demo.API", "Demo.API\Demo.API.csproj", "{36744753-C43F-43F9-ACFD-B502AA15D735}"
EndProject
Global
	GlobalSection(SolutionConfigurationPlatforms) = preSolution
		Debug|Any CPU = Debug|Any CPU
		Release|Any CPU = Release|Any CPU
	EndGlobalSection
	GlobalSection(ProjectConfigurationPlatforms) = postSolution
		{848AF30C-7313-42FE-B1BA-E9C689226D67}.Debug|Any CPU.ActiveCfg = Debug|Any CPU
		{848AF30C-7313-42FE-B1BA-E9C689226D67}.Debug|Any CPU.Build.0 = Debug|Any CPU
		{848AF30C-7313-42FE-B1BA-E9C689226D67}.Debug|Any CPU.Deploy.0 = Debug|Any CPU
		{848AF30C-7313-42FE-B1BA-E9C689226D67}.Release|Any CPU.ActiveCfg = Release|Any CPU
		{848AF30C-7313-42FE-B1BA-E9C689226D67}.Release|Any CPU.Build.0 = Release|Any CPU
		{848AF30C-7313-42FE-B1BA-E9C689226D67}.Release|Any CPU.Deploy.0 = Release|Any CPU
		{C9783251-2033-4088-B48B-F1CCF3368996}.Debug|Any CPU.ActiveCfg = Debug|Any CPU
		{C9783251-2033-4088-B48B-F1CCF3368996}.Debug|Any CPU.Build.0 = Debug|Any CPU
		{C9783251-2033-4088-B48B-F1CCF3368996}.Release|Any CPU.ActiveCfg = Release|Any CPU
		{C9783251-2033-4088-B48B-F1CCF3368996}.Release|Any CPU.Build.0 = Release|Any CPU
		{66D1E941-DB1F-492E-8D70-C273F2CC73C0}.Debug|Any CPU.ActiveCfg = Debug|Any CPU
		{66D1E941-DB1F-492E-8D70-C273F2CC73C0}.Debug|Any CPU.Build.0 = Debug|Any CPU
		{66D1E941-DB1F-492E-8D70-C273F2CC73C0}.Release|Any CPU.ActiveCfg = Release|Any CPU
		{66D1E941-DB1F-492E-8D70-C273F2CC73C0}.Release|Any CPU.Build.0 = Release|Any CPU
		{6DB4A3D4-0E73-49E9-8ECC-ED266AC96AE3}.Debug|Any CPU.ActiveCfg = Debug|Any CPU
		{6DB4A3D4-0E73-49E9-8ECC-ED266AC96AE3}.Debug|Any CPU.Build.0 = Debug|Any CPU
		{6DB4A3D4-0E73-49E9-8ECC-ED266AC96AE3}.Release|Any CPU.ActiveCfg = Release|Any CPU
		{6DB4A3D4-0E73-49E9-8ECC-ED266AC96AE3}.Release|Any CPU.Build.0 = Release|Any CPU
		{36744753-C43F-43F9-ACFD-B502AA15D735}.Debug|Any CPU.ActiveCfg = Debug|Any CPU
		{36744753-C43F-43F9-ACFD-B502AA15D735}.Debug|Any CPU.Build.0 = Debug|Any CPU
		{36744753-C43F-43F9-ACFD-B502AA15D735}.Release|Any CPU.ActiveCfg = Release|Any CPU
		{36744753-C43F-43F9-ACFD-B502AA15D735}.Release|Any CPU.Build.0 = Release|Any CPU
	EndGlobalSection
	GlobalSection(SolutionProperties) = preSolution
		HideSolutionNode = FALSE
	EndGlobalSection
	GlobalSection(NestedProjects) = preSolution
		{848AF30C-7313-42FE-B1BA-E9C689226D67} = {9A7A215A-90B3-45D3-BFCA-271DE22DF640}
		{C9783251-2033-4088-B48B-F1CCF3368996} = {34D2D369-4D4D-4335-8854-4F46EC51E517}
		{66D1E941-DB1F-492E-8D70-C273F2CC73C0} = {A9407A8B-26CF-4F19-B5AB-5C8906CDFAC9}
		{6DB4A3D4-0E73-49E9-8ECC-ED266AC96AE3} = {F45BF9A9-E58F-4B38-B385-78C5F3FEC331}
		{36744753-C43F-43F9-ACFD-B502AA15D735} = {E2A216C8-19DB-46C1-8385-2569D12121C2}
	EndGlobalSection
	GlobalSection(ExtensibilityGlobals) = postSolution
		SolutionGuid = {F20ADD84-2663-4BC5-B37D-76802C1FB995}
	EndGlobalSection
EndGlobal
